
Microsoft Visual Studio Solution File, Format Version 12.00
# Visual Studio Version 16
VisualStudioVersion = 16.0.32413.511
MinimumVisualStudioVersion = 10.0.40219.1
Project("{FAE04EC0-301F-11D3-BF4B-00C04F79EFBC}") = "AuthServer", "AuthServer\AuthServer.csproj", "{CCC956DC-903C-4B17-9C6C-E6022FF67D2F}"
EndProject
Project("{FAE04EC0-301F-11D3-BF4B-00C04F79EFBC}") = "Client1", "Client1\Client1.csproj", "{C436EB1D-532F-4AF2-92C2-29BA5B1CF7FA}"
EndProject
Project("{FAE04EC0-301F-11D3-BF4B-00C04F79EFBC}") = "Client2", "Client2\Client2.csproj", "{1CCA5478-AC92-42BA-AE5D-24F41F668328}"
EndProject
Project("{FAE04EC0-301F-11D3-BF4B-00C04F79EFBC}") = "Api1", "Api1\Api1.csproj", "{51B95D4E-3C41-4495-A201-E5134CB5EBB8}"
EndProject
Project("{FAE04EC0-301F-11D3-BF4B-00C04F79EFBC}") = "Api2", "Api2\Api2.csproj", "{FAC8BAD7-466B-4E91-954D-6C53A90A42BE}"
EndProject
Global
	GlobalSection(SolutionConfigurationPlatforms) = preSolution
		Debug|Any CPU = Debug|Any CPU
		Release|Any CPU = Release|Any CPU
	EndGlobalSection
	GlobalSection(ProjectConfigurationPlatforms) = postSolution
		{CCC956DC-903C-4B17-9C6C-E6022FF67D2F}.Debug|Any CPU.ActiveCfg = Debug|Any CPU
		{CCC956DC-903C-4B17-9C6C-E6022FF67D2F}.Debug|Any CPU.Build.0 = Debug|Any CPU
		{CCC956DC-903C-4B17-9C6C-E6022FF67D2F}.Release|Any CPU.ActiveCfg = Release|Any CPU
		{CCC956DC-903C-4B17-9C6C-E6022FF67D2F}.Release|Any CPU.Build.0 = Release|Any CPU
		{C436EB1D-532F-4AF2-92C2-29BA5B1CF7FA}.Debug|Any CPU.ActiveCfg = Debug|Any CPU
		{C436EB1D-532F-4AF2-92C2-29BA5B1CF7FA}.Debug|Any CPU.Build.0 = Debug|Any CPU
		{C436EB1D-532F-4AF2-92C2-29BA5B1CF7FA}.Release|Any CPU.ActiveCfg = Release|Any CPU
		{C436EB1D-532F-4AF2-92C2-29BA5B1CF7FA}.Release|Any CPU.Build.0 = Release|Any CPU
		{1CCA5478-AC92-42BA-AE5D-24F41F668328}.Debug|Any CPU.ActiveCfg = Debug|Any CPU
		{1CCA5478-AC92-42BA-AE5D-24F41F668328}.Debug|Any CPU.Build.0 = Debug|Any CPU
		{1CCA5478-AC92-42BA-AE5D-24F41F668328}.Release|Any CPU.ActiveCfg = Release|Any CPU
		{1CCA5478-AC92-42BA-AE5D-24F41F668328}.Release|Any CPU.Build.0 = Release|Any CPU
		{51B95D4E-3C41-4495-A201-E5134CB5EBB8}.Debug|Any CPU.ActiveCfg = Debug|Any CPU
		{51B95D4E-3C41-4495-A201-E5134CB5EBB8}.Debug|Any CPU.Build.0 = Debug|Any CPU
		{51B95D4E-3C41-4495-A201-E5134CB5EBB8}.Release|Any CPU.ActiveCfg = Release|Any CPU
		{51B95D4E-3C41-4495-A201-E5134CB5EBB8}.Release|Any CPU.Build.0 = Release|Any CPU
		{FAC8BAD7-466B-4E91-954D-6C53A90A42BE}.Debug|Any CPU.ActiveCfg = Debug|Any CPU
		{FAC8BAD7-466B-4E91-954D-6C53A90A42BE}.Debug|Any CPU.Build.0 = Debug|Any CPU
		{FAC8BAD7-466B-4E91-954D-6C53A90A42BE}.Release|Any CPU.ActiveCfg = Release|Any CPU
		{FAC8BAD7-466B-4E91-954D-6C53A90A42BE}.Release|Any CPU.Build.0 = Release|Any CPU
	EndGlobalSection
	GlobalSection(SolutionProperties) = preSolution
		HideSolutionNode = FALSE
	EndGlobalSection
	GlobalSection(ExtensibilityGlobals) = postSolution
		SolutionGuid = {828A50F0-5656-4EF0-8470-7A583C503DEA}
	EndGlobalSection
EndGlobal
